
Microsoft Visual Studio Solution File, Format Version 12.00
# Visual Studio Version 16
VisualStudioVersion = 16.0.810.10
MinimumVisualStudioVersion = 10.0.40219.1
Project("{FAE04EC0-301F-11D3-BF4B-00C04F79EFBC}") = "USB_Rackentwerfer", "USB_Rackentwerfer\USB_Rackentwerfer.csproj", "{F3C356ED-158F-4132-886F-AFECE72EE3C8}"
EndProject
Global
	GlobalSection(SolutionConfigurationPlatforms) = preSolution
		Debug|Any CPU = Debug|Any CPU
		Release|Any CPU = Release|Any CPU
	EndGlobalSection
	GlobalSection(ProjectConfigurationPlatforms) = postSolution
		{F3C356ED-158F-4132-886F-AFECE72EE3C8}.Debug|Any CPU.ActiveCfg = Debug|Any CPU
		{F3C356ED-158F-4132-886F-AFECE72EE3C8}.Debug|Any CPU.Build.0 = Debug|Any CPU
		{F3C356ED-158F-4132-886F-AFECE72EE3C8}.Release|Any CPU.ActiveCfg = Release|Any CPU
		{F3C356ED-158F-4132-886F-AFECE72EE3C8}.Release|Any CPU.Build.0 = Release|Any CPU
	EndGlobalSection
	GlobalSection(SolutionProperties) = preSolution
		HideSolutionNode = FALSE
	EndGlobalSection
	GlobalSection(ExtensibilityGlobals) = postSolution
		SolutionGuid = {F4300735-2553-4914-A7A9-1B07D2CFAD66}
	EndGlobalSection
EndGlobal
